
Microsoft Visual Studio Solution File, Format Version 12.00
# Visual Studio 15
Project("{FAE04EC0-301F-11D3-BF4B-00C04F79EFBC}") = "Assembly-CSharp", "Assembly-CSharp.csproj", "{B7709CC4-CA64-3E50-02C6-413C244E7FC9}"
EndProject
Project("{FAE04EC0-301F-11D3-BF4B-00C04F79EFBC}") = "NavMeshComponents", "NavMeshComponents.csproj", "{21D624EF-0A02-2FB2-E3C0-B9536FC767E7}"
EndProject
Project("{FAE04EC0-301F-11D3-BF4B-00C04F79EFBC}") = "NavMeshComponentsEditor", "NavMeshComponentsEditor.csproj", "{7D5834E7-3A49-B64D-0D18-27433B965C53}"
EndProject
Global
	GlobalSection(SolutionConfigurationPlatforms) = preSolution
		Debug|Any CPU = Debug|Any CPU
		Release|Any CPU = Release|Any CPU
	EndGlobalSection
	GlobalSection(ProjectConfigurationPlatforms) = postSolution
		{B7709CC4-CA64-3E50-02C6-413C244E7FC9}.Debug|Any CPU.ActiveCfg = Debug|Any CPU
		{B7709CC4-CA64-3E50-02C6-413C244E7FC9}.Debug|Any CPU.Build.0 = Debug|Any CPU
		{B7709CC4-CA64-3E50-02C6-413C244E7FC9}.Release|Any CPU.ActiveCfg = Release|Any CPU
		{B7709CC4-CA64-3E50-02C6-413C244E7FC9}.Release|Any CPU.Build.0 = Release|Any CPU
		{21D624EF-0A02-2FB2-E3C0-B9536FC767E7}.Debug|Any CPU.ActiveCfg = Debug|Any CPU
		{21D624EF-0A02-2FB2-E3C0-B9536FC767E7}.Debug|Any CPU.Build.0 = Debug|Any CPU
		{21D624EF-0A02-2FB2-E3C0-B9536FC767E7}.Release|Any CPU.ActiveCfg = Release|Any CPU
		{21D624EF-0A02-2FB2-E3C0-B9536FC767E7}.Release|Any CPU.Build.0 = Release|Any CPU
		{7D5834E7-3A49-B64D-0D18-27433B965C53}.Debug|Any CPU.ActiveCfg = Debug|Any CPU
		{7D5834E7-3A49-B64D-0D18-27433B965C53}.Debug|Any CPU.Build.0 = Debug|Any CPU
		{7D5834E7-3A49-B64D-0D18-27433B965C53}.Release|Any CPU.ActiveCfg = Release|Any CPU
		{7D5834E7-3A49-B64D-0D18-27433B965C53}.Release|Any CPU.Build.0 = Release|Any CPU
	EndGlobalSection
	GlobalSection(SolutionProperties) = preSolution
		HideSolutionNode = FALSE
	EndGlobalSection
EndGlobal
